{
    "_readme": [
        "This file locks the dependencies of your project to a known state",
        "Read more about it at https://getcomposer.org/doc/01-basic-usage.md#installing-dependencies",
        "This file is @generated automatically"
    ],
    "content-hash": "6ba2add7345e141672f1e3c1fd0b35c4",
    "packages": [
        {
            "name": "vrana/adminer",
            "version": "dev-master",
            "source": {
                "type": "git",
                "url": "https://github.com/vrana/adminer.git",
                "reference": "88647b93e467210f270340e758af6771e2c5638a"
            },
            "dist": {
                "type": "zip",
                "url": "https://api.github.com/repos/vrana/adminer/zipball/88647b93e467210f270340e758af6771e2c5638a",
                "reference": "88647b93e467210f270340e758af6771e2c5638a",
                "shasum": ""
            },
            "default-branch": true,
            "type": "library",
            "autoload": {
                "classmap": [
                    "plugins/"
                ]
            },
            "notification-url": "https://packagist.org/downloads/",
            "license": [
                "Apache-2.0",
                "GPL-2.0-only"
            ],
            "authors": [
                {
                    "name": "Jakub Vrána",
                    "homepage": "https://www.vrana.cz/"
                }
            ],
            "description": "Database management in a single PHP file.",
            "homepage": "https://www.adminer.org/",
            "keywords": [
                "database"
            ],
            "support": {
                "forum": "https://sourceforge.net/p/adminer/discussion/",
                "issues": "https://sourceforge.net/p/adminer/bugs-and-features/",
                "source": "https://github.com/vrana/adminer/"
            },
            "funding": [
                {
                    "url": "https://sourceforge.net/p/adminer/donate/",
                    "type": "custom"
                },
                {
                    "url": "https://www.patreon.com/jakubvrana",
                    "type": "patreon"
                }
            ],
            "time": "2021-05-23T11:40:36+00:00"
        }
    ],
    "packages-dev": [
        {
            "name": "vrana/jsshrink",
            "version": "master",
            "source": {
                "type": "git",
                "url": "https://github.com/vrana/JsShrink",
                "reference": "master"
            },
            "dist": {
                "type": "zip",
                "url": "https://codeload.github.com/vrana/JsShrink/zip/master",
                "reference": "master"
            },
            "type": "library"
        }
    ],
    "aliases": [],
    "minimum-stability": "stable",
    "stability-flags": {
        "vrana/adminer": 20,
        "vrana/jsshrink": 20
    },
    "prefer-stable": false,
    "prefer-lowest": false,
    "platform": [],
    "platform-dev": [],
    "plugin-api-version": "2.0.0"
}
