{
    "_readme": [
        "This file locks the dependencies of your project to a known state",
        "Read more about it at https://getcomposer.org/doc/01-basic-usage.md#installing-dependencies",
        "This file is @generated automatically"
    ],
    "content-hash": "bd87465275acf2ca9dfebe8d4d3fd5e2",
    "packages": [
        {
            "name": "vrana/adminer",
            "version": "5.2.1",
            "dist": {
                "type": "tar",
                "url": "https://github.com/vrana/adminer/archive/refs/tags/v5.2.1.tar.gz",
                "reference": "v5.2.1"
            },
            "type": "library"
        },
        {
            "name": "vrana/adminer-externals",
            "version": "5.1.0",
            "dist": {
                "type": "tar",
                "url": "https://github.com/Daniel-KM/Omeka-S-module-Adminer/releases/download/3.4.6-5.1.0/adminer-externals.tar.gz"
            },
            "type": "library"
        }
    ],
    "packages-dev": [],
    "aliases": [],
    "minimum-stability": "stable",
    "stability-flags": [],
    "prefer-stable": false,
    "prefer-lowest": false,
    "platform": [],
    "platform-dev": [],
    "plugin-api-version": "2.3.0"
}
